
Microsoft Visual Studio Solution File, Format Version 12.00
# Visual Studio Version 17
VisualStudioVersion = 17.7.34031.279
MinimumVisualStudioVersion = 10.0.40219.1
Project("{FAE04EC0-301F-11D3-BF4B-00C04F79EFBC}") = "Owler", "Owler.csproj", "{1A519262-D153-42D9-8700-B8CC7C059443}"
EndProject
Global
	GlobalSection(SolutionConfigurationPlatforms) = preSolution
		Debug|Any CPU = Debug|Any CPU
		Release|Any CPU = Release|Any CPU
	EndGlobalSection
	GlobalSection(ProjectConfigurationPlatforms) = postSolution
		{1A519262-D153-42D9-8700-B8CC7C059443}.Debug|Any CPU.ActiveCfg = Debug|Any CPU
		{1A519262-D153-42D9-8700-B8CC7C059443}.Debug|Any CPU.Build.0 = Debug|Any CPU
		{1A519262-D153-42D9-8700-B8CC7C059443}.Release|Any CPU.ActiveCfg = Release|Any CPU
		{1A519262-D153-42D9-8700-B8CC7C059443}.Release|Any CPU.Build.0 = Release|Any CPU
	EndGlobalSection
	GlobalSection(SolutionProperties) = preSolution
		HideSolutionNode = FALSE
	EndGlobalSection
	GlobalSection(ExtensibilityGlobals) = postSolution
		SolutionGuid = {06B3A8FA-6670-4FBC-B229-D4AF688D281F}
	EndGlobalSection
EndGlobal
